// !$*UTF8*$!
{
	archiveVersion = 1;
	classes = {
	};
	objectVersion = 56;
	objects = {

/* Begin PBXBuildFile section */
		680FAD652BFF72A800BC95EF /* TagCell.swift in Sources */ = {isa = PBXBuildFile; fileRef = 680FAD642BFF72A800BC95EF /* TagCell.swift */; };
		683BD1F12BFB2C9E000266D5 /* AppDelegate.swift in Sources */ = {isa = PBXBuildFile; fileRef = 683BD1F02BFB2C9E000266D5 /* AppDelegate.swift */; };
		683BD1F32BFB2C9E000266D5 /* SceneDelegate.swift in Sources */ = {isa = PBXBuildFile; fileRef = 683BD1F22BFB2C9E000266D5 /* SceneDelegate.swift */; };
		683BD1F52BFB2C9E000266D5 /* ViewController.swift in Sources */ = {isa = PBXBuildFile; fileRef = 683BD1F42BFB2C9E000266D5 /* ViewController.swift */; };
		683BD1F82BFB2C9E000266D5 /* Base in Resources */ = {isa = PBXBuildFile; fileRef = 683BD1F72BFB2C9E000266D5 /* Base */; };
		683BD1FA2BFB2CA1000266D5 /* Assets.xcassets in Resources */ = {isa = PBXBuildFile; fileRef = 683BD1F92BFB2CA1000266D5 /* Assets.xcassets */; };
		683BD1FD2BFB2CA1000266D5 /* Base in Resources */ = {isa = PBXBuildFile; fileRef = 683BD1FC2BFB2CA1000266D5 /* Base */; };
		683BD2082BFB2CA2000266D5 /* RutiTests.swift in Sources */ = {isa = PBXBuildFile; fileRef = 683BD2072BFB2CA2000266D5 /* RutiTests.swift */; };
		683BD2122BFB2CA2000266D5 /* RutiUITests.swift in Sources */ = {isa = PBXBuildFile; fileRef = 683BD2112BFB2CA2000266D5 /* RutiUITests.swift */; };
		683BD2142BFB2CA2000266D5 /* RutiUITestsLaunchTests.swift in Sources */ = {isa = PBXBuildFile; fileRef = 683BD2132BFB2CA2000266D5 /* RutiUITestsLaunchTests.swift */; };
		687009BB2C0032A900EF5C33 /* RutineStartVC.swift in Sources */ = {isa = PBXBuildFile; fileRef = 687009BA2C0032A900EF5C33 /* RutineStartVC.swift */; };
		687009BD2C00357100EF5C33 /* PushNotificationHelper.swift in Sources */ = {isa = PBXBuildFile; fileRef = 687009BC2C00357100EF5C33 /* PushNotificationHelper.swift */; };
		687009CF2C00619300EF5C33 /* FSCalendar in Frameworks */ = {isa = PBXBuildFile; productRef = 687009CE2C00619300EF5C33 /* FSCalendar */; };
		687009D32C00675400EF5C33 /* FSPagerView in Frameworks */ = {isa = PBXBuildFile; productRef = 687009D22C00675400EF5C33 /* FSPagerView */; };
		687009D62C0067CA00EF5C33 /* RankingVC.swift in Sources */ = {isa = PBXBuildFile; fileRef = 687009D52C0067CA00EF5C33 /* RankingVC.swift */; };
		687009D82C006FBC00EF5C33 /* RoutineVC.swift in Sources */ = {isa = PBXBuildFile; fileRef = 687009D72C006FBC00EF5C33 /* RoutineVC.swift */; };
		687009DA2C006FC900EF5C33 /* CalendarVC.swift in Sources */ = {isa = PBXBuildFile; fileRef = 687009D92C006FC900EF5C33 /* CalendarVC.swift */; };
		687009DC2C006FD900EF5C33 /* MyPageVC.swift in Sources */ = {isa = PBXBuildFile; fileRef = 687009DB2C006FD900EF5C33 /* MyPageVC.swift */; };
		687009DF2C007A8F00EF5C33 /* SnapKit in Frameworks */ = {isa = PBXBuildFile; productRef = 687009DE2C007A8F00EF5C33 /* SnapKit */; };
		687009E62C008F3300EF5C33 /* RankingTableCell.xib in Resources */ = {isa = PBXBuildFile; fileRef = 687009E52C008F3300EF5C33 /* RankingTableCell.xib */; };
		687009E72C008F3300EF5C33 /* RankingTableCell.swift in Sources */ = {isa = PBXBuildFile; fileRef = 687009E42C008F3300EF5C33 /* RankingTableCell.swift */; };
		688125932BFF23A400C75B0B /* SignInViewController.swift in Sources */ = {isa = PBXBuildFile; fileRef = 688125922BFF23A400C75B0B /* SignInViewController.swift */; };
		688125952BFF2BCD00C75B0B /* RutineRegistViewController.swift in Sources */ = {isa = PBXBuildFile; fileRef = 688125942BFF2BCD00C75B0B /* RutineRegistViewController.swift */; };
		688125982BFF3CD400C75B0B /* RutineRegistStep2VC.swift in Sources */ = {isa = PBXBuildFile; fileRef = 688125972BFF3CD400C75B0B /* RutineRegistStep2VC.swift */; };
		6881259A2BFF3DFD00C75B0B /* RutineRegistStep3VC.swift in Sources */ = {isa = PBXBuildFile; fileRef = 688125992BFF3DFD00C75B0B /* RutineRegistStep3VC.swift */; };
		6881259C2BFF3E1200C75B0B /* RutineRegistStep4VC.swift in Sources */ = {isa = PBXBuildFile; fileRef = 6881259B2BFF3E1200C75B0B /* RutineRegistStep4VC.swift */; };
		6881259E2BFF3E2000C75B0B /* RutineRegistStep5VC.swift in Sources */ = {isa = PBXBuildFile; fileRef = 6881259D2BFF3E2000C75B0B /* RutineRegistStep5VC.swift */; };
		688125A02BFF48B700C75B0B /* CategoryTableViewCell.swift in Sources */ = {isa = PBXBuildFile; fileRef = 6881259F2BFF48B700C75B0B /* CategoryTableViewCell.swift */; };
		688D42A82C00E0E800F7EE0E /* PopupVC.swift in Sources */ = {isa = PBXBuildFile; fileRef = 688D42A72C00E0E800F7EE0E /* PopupVC.swift */; };
		688D42AB2C01A10A00F7EE0E /* DailyCell.swift in Sources */ = {isa = PBXBuildFile; fileRef = 688D42AA2C01A10A00F7EE0E /* DailyCell.swift */; };
		6894898F2C01AAE200640EF1 /* RoutineCell.swift in Sources */ = {isa = PBXBuildFile; fileRef = 6894898D2C01AAE200640EF1 /* RoutineCell.swift */; };
		689489902C01AAE200640EF1 /* RoutineCell.xib in Resources */ = {isa = PBXBuildFile; fileRef = 6894898E2C01AAE200640EF1 /* RoutineCell.xib */; };
		689489922C01BA0400640EF1 /* RoutineDetailVC.swift in Sources */ = {isa = PBXBuildFile; fileRef = 689489912C01BA0400640EF1 /* RoutineDetailVC.swift */; };
		6894949B2BFDAE62001E3B94 /* APIRequest.swift in Sources */ = {isa = PBXBuildFile; fileRef = 6894949A2BFDAE62001E3B94 /* APIRequest.swift */; };
		6894949F2BFDAE85001E3B94 /* APIResponse.swift in Sources */ = {isa = PBXBuildFile; fileRef = 6894949E2BFDAE85001E3B94 /* APIResponse.swift */; };
		689494A12BFDAEA1001E3B94 /* APIError.swift in Sources */ = {isa = PBXBuildFile; fileRef = 689494A02BFDAEA1001E3B94 /* APIError.swift */; };
		689494A52BFDAED0001E3B94 /* APIService.swift in Sources */ = {isa = PBXBuildFile; fileRef = 689494A42BFDAED0001E3B94 /* APIService.swift */; };
		689494CC2BFDAEF4001E3B94 /* WantedSans-Black.otf in Resources */ = {isa = PBXBuildFile; fileRef = 689494A62BFDAEF4001E3B94 /* WantedSans-Black.otf */; };
		689494CD2BFDAEF4001E3B94 /* WantedSans-Bold.otf in Resources */ = {isa = PBXBuildFile; fileRef = 689494A72BFDAEF4001E3B94 /* WantedSans-Bold.otf */; };
		689494CE2BFDAEF4001E3B94 /* WantedSans-ExtraBlack.otf in Resources */ = {isa = PBXBuildFile; fileRef = 689494A82BFDAEF4001E3B94 /* WantedSans-ExtraBlack.otf */; };
		689494CF2BFDAEF4001E3B94 /* WantedSans-ExtraBold.otf in Resources */ = {isa = PBXBuildFile; fileRef = 689494A92BFDAEF4001E3B94 /* WantedSans-ExtraBold.otf */; };
		689494D02BFDAEF4001E3B94 /* WantedSans-Medium.otf in Resources */ = {isa = PBXBuildFile; fileRef = 689494AA2BFDAEF4001E3B94 /* WantedSans-Medium.otf */; };
		689494D12BFDAEF4001E3B94 /* WantedSans-Regular.otf in Resources */ = {isa = PBXBuildFile; fileRef = 689494AB2BFDAEF4001E3B94 /* WantedSans-Regular.otf */; };
		689494D22BFDAEF4001E3B94 /* WantedSans-SemiBold.otf in Resources */ = {isa = PBXBuildFile; fileRef = 689494AC2BFDAEF4001E3B94 /* WantedSans-SemiBold.otf */; };
		689494D32BFDAEF4001E3B94 /* WantedSans-Black.ttf in Resources */ = {isa = PBXBuildFile; fileRef = 689494AE2BFDAEF4001E3B94 /* WantedSans-Black.ttf */; };
		689494D42BFDAEF4001E3B94 /* WantedSans-Bold.ttf in Resources */ = {isa = PBXBuildFile; fileRef = 689494AF2BFDAEF4001E3B94 /* WantedSans-Bold.ttf */; };
		689494D52BFDAEF4001E3B94 /* WantedSans-ExtraBlack.ttf in Resources */ = {isa = PBXBuildFile; fileRef = 689494B02BFDAEF4001E3B94 /* WantedSans-ExtraBlack.ttf */; };
		689494D62BFDAEF4001E3B94 /* WantedSans-ExtraBold.ttf in Resources */ = {isa = PBXBuildFile; fileRef = 689494B12BFDAEF4001E3B94 /* WantedSans-ExtraBold.ttf */; };
		689494D72BFDAEF4001E3B94 /* WantedSans-Medium.ttf in Resources */ = {isa = PBXBuildFile; fileRef = 689494B22BFDAEF4001E3B94 /* WantedSans-Medium.ttf */; };
		689494D82BFDAEF4001E3B94 /* WantedSans-Regular.ttf in Resources */ = {isa = PBXBuildFile; fileRef = 689494B32BFDAEF4001E3B94 /* WantedSans-Regular.ttf */; };
		689494D92BFDAEF4001E3B94 /* WantedSans-SemiBold.ttf in Resources */ = {isa = PBXBuildFile; fileRef = 689494B42BFDAEF4001E3B94 /* WantedSans-SemiBold.ttf */; };
		689494DA2BFDAEF4001E3B94 /* WantedSansVariable.ttf in Resources */ = {isa = PBXBuildFile; fileRef = 689494B62BFDAEF4001E3B94 /* WantedSansVariable.ttf */; };
		689494DB2BFDAEF4001E3B94 /* WantedSans-Black.woff2 in Resources */ = {isa = PBXBuildFile; fileRef = 689494B82BFDAEF4001E3B94 /* WantedSans-Black.woff2 */; };
		689494DC2BFDAEF4001E3B94 /* WantedSans-Bold.woff2 in Resources */ = {isa = PBXBuildFile; fileRef = 689494B92BFDAEF4001E3B94 /* WantedSans-Bold.woff2 */; };
		689494DD2BFDAEF4001E3B94 /* WantedSans-ExtraBlack.woff2 in Resources */ = {isa = PBXBuildFile; fileRef = 689494BA2BFDAEF4001E3B94 /* WantedSans-ExtraBlack.woff2 */; };
		689494DE2BFDAEF4001E3B94 /* WantedSans-ExtraBold.woff2 in Resources */ = {isa = PBXBuildFile; fileRef = 689494BB2BFDAEF4001E3B94 /* WantedSans-ExtraBold.woff2 */; };
		689494DF2BFDAEF4001E3B94 /* WantedSans-Medium.woff2 in Resources */ = {isa = PBXBuildFile; fileRef = 689494BC2BFDAEF4001E3B94 /* WantedSans-Medium.woff2 */; };
		689494E02BFDAEF4001E3B94 /* WantedSans-Regular.woff2 in Resources */ = {isa = PBXBuildFile; fileRef = 689494BD2BFDAEF4001E3B94 /* WantedSans-Regular.woff2 */; };
		689494E12BFDAEF4001E3B94 /* WantedSans-SemiBold.woff2 in Resources */ = {isa = PBXBuildFile; fileRef = 689494BE2BFDAEF4001E3B94 /* WantedSans-SemiBold.woff2 */; };
		689494E22BFDAEF4001E3B94 /* WantedSans.css in Resources */ = {isa = PBXBuildFile; fileRef = 689494C02BFDAEF4001E3B94 /* WantedSans.css */; };
		689494E32BFDAEF4001E3B94 /* WantedSansVariable.woff2 in Resources */ = {isa = PBXBuildFile; fileRef = 689494C32BFDAEF4001E3B94 /* WantedSansVariable.woff2 */; };
		689494E42BFDAEF4001E3B94 /* WantedSansVariable.css in Resources */ = {isa = PBXBuildFile; fileRef = 689494C52BFDAEF4001E3B94 /* WantedSansVariable.css */; };
		689494E52BFDAEF4001E3B94 /* OFL.txt in Resources */ = {isa = PBXBuildFile; fileRef = 689494C92BFDAEF4001E3B94 /* OFL.txt */; };
		689494E72BFDB00A001E3B94 /* APIConfig.swift in Sources */ = {isa = PBXBuildFile; fileRef = 689494E62BFDB00A001E3B94 /* APIConfig.swift */; };
		689494E92BFDB1BD001E3B94 /* Const.swift in Sources */ = {isa = PBXBuildFile; fileRef = 689494E82BFDB1BD001E3B94 /* Const.swift */; };
		689494EC2BFDB415001E3B94 /* UserInfo.swift in Sources */ = {isa = PBXBuildFile; fileRef = 689494EB2BFDB415001E3B94 /* UserInfo.swift */; };
		689494EE2BFDB45E001E3B94 /* MainViewController.swift in Sources */ = {isa = PBXBuildFile; fileRef = 689494ED2BFDB45E001E3B94 /* MainViewController.swift */; };
		689721E72BFCED8F00BF88EA /* KakaoSDKAuth in Frameworks */ = {isa = PBXBuildFile; productRef = 689721E62BFCED8F00BF88EA /* KakaoSDKAuth */; };
		689721E92BFCED8F00BF88EA /* KakaoSDKCommon in Frameworks */ = {isa = PBXBuildFile; productRef = 689721E82BFCED8F00BF88EA /* KakaoSDKCommon */; };
		689721EB2BFCED8F00BF88EA /* KakaoSDKUser in Frameworks */ = {isa = PBXBuildFile; productRef = 689721EA2BFCED8F00BF88EA /* KakaoSDKUser */; };
		68FD36F32C021ECA002EC3D8 /* RutineStartConfirmVC.swift in Sources */ = {isa = PBXBuildFile; fileRef = 68FD36F22C021ECA002EC3D8 /* RutineStartConfirmVC.swift */; };
/* End PBXBuildFile section */

/* Begin PBXContainerItemProxy section */
		683BD2042BFB2CA2000266D5 /* PBXContainerItemProxy */ = {
			isa = PBXContainerItemProxy;
			containerPortal = 683BD1E52BFB2C9E000266D5 /* Project object */;
			proxyType = 1;
			remoteGlobalIDString = 683BD1EC2BFB2C9E000266D5;
			remoteInfo = Ruti;
		};
		683BD20E2BFB2CA2000266D5 /* PBXContainerItemProxy */ = {
			isa = PBXContainerItemProxy;
			containerPortal = 683BD1E52BFB2C9E000266D5 /* Project object */;
			proxyType = 1;
			remoteGlobalIDString = 683BD1EC2BFB2C9E000266D5;
			remoteInfo = Ruti;
		};
/* End PBXContainerItemProxy section */

/* Begin PBXFileReference section */
		680FAD642BFF72A800BC95EF /* TagCell.swift */ = {isa = PBXFileReference; lastKnownFileType = sourcecode.swift; path = TagCell.swift; sourceTree = "<group>"; };
		683BD1ED2BFB2C9E000266D5 /* Ruti.app */ = {isa = PBXFileReference; explicitFileType = wrapper.application; includeInIndex = 0; path = Ruti.app; sourceTree = BUILT_PRODUCTS_DIR; };
		683BD1F02BFB2C9E000266D5 /* AppDelegate.swift */ = {isa = PBXFileReference; lastKnownFileType = sourcecode.swift; path = AppDelegate.swift; sourceTree = "<group>"; };
		683BD1F22BFB2C9E000266D5 /* SceneDelegate.swift */ = {isa = PBXFileReference; lastKnownFileType = sourcecode.swift; path = SceneDelegate.swift; sourceTree = "<group>"; };
		683BD1F42BFB2C9E000266D5 /* ViewController.swift */ = {isa = PBXFileReference; lastKnownFileType = sourcecode.swift; path = ViewController.swift; sourceTree = "<group>"; };
		683BD1F72BFB2C9E000266D5 /* Base */ = {isa = PBXFileReference; lastKnownFileType = file.storyboard; name = Base; path = Base.lproj/Main.storyboard; sourceTree = "<group>"; };
		683BD1F92BFB2CA1000266D5 /* Assets.xcassets */ = {isa = PBXFileReference; lastKnownFileType = folder.assetcatalog; path = Assets.xcassets; sourceTree = "<group>"; };
		683BD1FC2BFB2CA1000266D5 /* Base */ = {isa = PBXFileReference; lastKnownFileType = file.storyboard; name = Base; path = Base.lproj/LaunchScreen.storyboard; sourceTree = "<group>"; };
		683BD1FE2BFB2CA1000266D5 /* Info.plist */ = {isa = PBXFileReference; lastKnownFileType = text.plist.xml; path = Info.plist; sourceTree = "<group>"; };
		683BD2032BFB2CA2000266D5 /* RutiTests.xctest */ = {isa = PBXFileReference; explicitFileType = wrapper.cfbundle; includeInIndex = 0; path = RutiTests.xctest; sourceTree = BUILT_PRODUCTS_DIR; };
		683BD2072BFB2CA2000266D5 /* RutiTests.swift */ = {isa = PBXFileReference; lastKnownFileType = sourcecode.swift; path = RutiTests.swift; sourceTree = "<group>"; };
		683BD20D2BFB2CA2000266D5 /* RutiUITests.xctest */ = {isa = PBXFileReference; explicitFileType = wrapper.cfbundle; includeInIndex = 0; path = RutiUITests.xctest; sourceTree = BUILT_PRODUCTS_DIR; };
		683BD2112BFB2CA2000266D5 /* RutiUITests.swift */ = {isa = PBXFileReference; lastKnownFileType = sourcecode.swift; path = RutiUITests.swift; sourceTree = "<group>"; };
		683BD2132BFB2CA2000266D5 /* RutiUITestsLaunchTests.swift */ = {isa = PBXFileReference; lastKnownFileType = sourcecode.swift; path = RutiUITestsLaunchTests.swift; sourceTree = "<group>"; };
		687009BA2C0032A900EF5C33 /* RutineStartVC.swift */ = {isa = PBXFileReference; lastKnownFileType = sourcecode.swift; path = RutineStartVC.swift; sourceTree = "<group>"; };
		687009BC2C00357100EF5C33 /* PushNotificationHelper.swift */ = {isa = PBXFileReference; lastKnownFileType = sourcecode.swift; path = PushNotificationHelper.swift; sourceTree = "<group>"; };
		687009D02C0063AA00EF5C33 /* FSPagerView */ = {isa = PBXFileReference; lastKnownFileType = wrapper; name = FSPagerView; path = Carthage/Checkouts/FSPagerView; sourceTree = "<group>"; };
		687009D12C0066E900EF5C33 /* FSPagerView-master */ = {isa = PBXFileReference; lastKnownFileType = wrapper; name = "FSPagerView-master"; path = "../../../../Downloads/FSPagerView-master"; sourceTree = "<group>"; };
		687009D52C0067CA00EF5C33 /* RankingVC.swift */ = {isa = PBXFileReference; lastKnownFileType = sourcecode.swift; path = RankingVC.swift; sourceTree = "<group>"; };
		687009D72C006FBC00EF5C33 /* RoutineVC.swift */ = {isa = PBXFileReference; lastKnownFileType = sourcecode.swift; path = RoutineVC.swift; sourceTree = "<group>"; };
		687009D92C006FC900EF5C33 /* CalendarVC.swift */ = {isa = PBXFileReference; lastKnownFileType = sourcecode.swift; path = CalendarVC.swift; sourceTree = "<group>"; };
		687009DB2C006FD900EF5C33 /* MyPageVC.swift */ = {isa = PBXFileReference; lastKnownFileType = sourcecode.swift; path = MyPageVC.swift; sourceTree = "<group>"; };
		687009E42C008F3300EF5C33 /* RankingTableCell.swift */ = {isa = PBXFileReference; lastKnownFileType = sourcecode.swift; path = RankingTableCell.swift; sourceTree = "<group>"; };
		687009E52C008F3300EF5C33 /* RankingTableCell.xib */ = {isa = PBXFileReference; lastKnownFileType = file.xib; path = RankingTableCell.xib; sourceTree = "<group>"; };
		688125922BFF23A400C75B0B /* SignInViewController.swift */ = {isa = PBXFileReference; lastKnownFileType = sourcecode.swift; path = SignInViewController.swift; sourceTree = "<group>"; };
		688125942BFF2BCD00C75B0B /* RutineRegistViewController.swift */ = {isa = PBXFileReference; lastKnownFileType = sourcecode.swift; path = RutineRegistViewController.swift; sourceTree = "<group>"; };
		688125972BFF3CD400C75B0B /* RutineRegistStep2VC.swift */ = {isa = PBXFileReference; lastKnownFileType = sourcecode.swift; path = RutineRegistStep2VC.swift; sourceTree = "<group>"; };
		688125992BFF3DFD00C75B0B /* RutineRegistStep3VC.swift */ = {isa = PBXFileReference; lastKnownFileType = sourcecode.swift; path = RutineRegistStep3VC.swift; sourceTree = "<group>"; };
		6881259B2BFF3E1200C75B0B /* RutineRegistStep4VC.swift */ = {isa = PBXFileReference; lastKnownFileType = sourcecode.swift; path = RutineRegistStep4VC.swift; sourceTree = "<group>"; };
		6881259D2BFF3E2000C75B0B /* RutineRegistStep5VC.swift */ = {isa = PBXFileReference; lastKnownFileType = sourcecode.swift; path = RutineRegistStep5VC.swift; sourceTree = "<group>"; };
		6881259F2BFF48B700C75B0B /* CategoryTableViewCell.swift */ = {isa = PBXFileReference; lastKnownFileType = sourcecode.swift; path = CategoryTableViewCell.swift; sourceTree = "<group>"; };
		688D42A72C00E0E800F7EE0E /* PopupVC.swift */ = {isa = PBXFileReference; lastKnownFileType = sourcecode.swift; path = PopupVC.swift; sourceTree = "<group>"; };
		688D42AA2C01A10A00F7EE0E /* DailyCell.swift */ = {isa = PBXFileReference; lastKnownFileType = sourcecode.swift; path = DailyCell.swift; sourceTree = "<group>"; };
		6894898D2C01AAE200640EF1 /* RoutineCell.swift */ = {isa = PBXFileReference; lastKnownFileType = sourcecode.swift; path = RoutineCell.swift; sourceTree = "<group>"; };
		6894898E2C01AAE200640EF1 /* RoutineCell.xib */ = {isa = PBXFileReference; lastKnownFileType = file.xib; path = RoutineCell.xib; sourceTree = "<group>"; };
		689489912C01BA0400640EF1 /* RoutineDetailVC.swift */ = {isa = PBXFileReference; lastKnownFileType = sourcecode.swift; path = RoutineDetailVC.swift; sourceTree = "<group>"; };
		6894949A2BFDAE62001E3B94 /* APIRequest.swift */ = {isa = PBXFileReference; lastKnownFileType = sourcecode.swift; path = APIRequest.swift; sourceTree = "<group>"; };
		6894949E2BFDAE85001E3B94 /* APIResponse.swift */ = {isa = PBXFileReference; lastKnownFileType = sourcecode.swift; path = APIResponse.swift; sourceTree = "<group>"; };
		689494A02BFDAEA1001E3B94 /* APIError.swift */ = {isa = PBXFileReference; lastKnownFileType = sourcecode.swift; path = APIError.swift; sourceTree = "<group>"; };
		689494A42BFDAED0001E3B94 /* APIService.swift */ = {isa = PBXFileReference; lastKnownFileType = sourcecode.swift; path = APIService.swift; sourceTree = "<group>"; };
		689494A62BFDAEF4001E3B94 /* WantedSans-Black.otf */ = {isa = PBXFileReference; lastKnownFileType = file; path = "WantedSans-Black.otf"; sourceTree = "<group>"; };
		689494A72BFDAEF4001E3B94 /* WantedSans-Bold.otf */ = {isa = PBXFileReference; lastKnownFileType = file; path = "WantedSans-Bold.otf"; sourceTree = "<group>"; };
		689494A82BFDAEF4001E3B94 /* WantedSans-ExtraBlack.otf */ = {isa = PBXFileReference; lastKnownFileType = file; path = "WantedSans-ExtraBlack.otf"; sourceTree = "<group>"; };
		689494A92BFDAEF4001E3B94 /* WantedSans-ExtraBold.otf */ = {isa = PBXFileReference; lastKnownFileType = file; path = "WantedSans-ExtraBold.otf"; sourceTree = "<group>"; };
		689494AA2BFDAEF4001E3B94 /* WantedSans-Medium.otf */ = {isa = PBXFileReference; lastKnownFileType = file; path = "WantedSans-Medium.otf"; sourceTree = "<group>"; };
		689494AB2BFDAEF4001E3B94 /* WantedSans-Regular.otf */ = {isa = PBXFileReference; lastKnownFileType = file; path = "WantedSans-Regular.otf"; sourceTree = "<group>"; };
		689494AC2BFDAEF4001E3B94 /* WantedSans-SemiBold.otf */ = {isa = PBXFileReference; lastKnownFileType = file; path = "WantedSans-SemiBold.otf"; sourceTree = "<group>"; };
		689494AE2BFDAEF4001E3B94 /* WantedSans-Black.ttf */ = {isa = PBXFileReference; lastKnownFileType = file; path = "WantedSans-Black.ttf"; sourceTree = "<group>"; };
		689494AF2BFDAEF4001E3B94 /* WantedSans-Bold.ttf */ = {isa = PBXFileReference; lastKnownFileType = file; path = "WantedSans-Bold.ttf"; sourceTree = "<group>"; };
		689494B02BFDAEF4001E3B94 /* WantedSans-ExtraBlack.ttf */ = {isa = PBXFileReference; lastKnownFileType = file; path = "WantedSans-ExtraBlack.ttf"; sourceTree = "<group>"; };
		689494B12BFDAEF4001E3B94 /* WantedSans-ExtraBold.ttf */ = {isa = PBXFileReference; lastKnownFileType = file; path = "WantedSans-ExtraBold.ttf"; sourceTree = "<group>"; };
		689494B22BFDAEF4001E3B94 /* WantedSans-Medium.ttf */ = {isa = PBXFileReference; lastKnownFileType = file; path = "WantedSans-Medium.ttf"; sourceTree = "<group>"; };
		689494B32BFDAEF4001E3B94 /* WantedSans-Regular.ttf */ = {isa = PBXFileReference; lastKnownFileType = file; path = "WantedSans-Regular.ttf"; sourceTree = "<group>"; };
		689494B42BFDAEF4001E3B94 /* WantedSans-SemiBold.ttf */ = {isa = PBXFileReference; lastKnownFileType = file; path = "WantedSans-SemiBold.ttf"; sourceTree = "<group>"; };
		689494B62BFDAEF4001E3B94 /* WantedSansVariable.ttf */ = {isa = PBXFileReference; lastKnownFileType = file; path = WantedSansVariable.ttf; sourceTree = "<group>"; };
		689494B82BFDAEF4001E3B94 /* WantedSans-Black.woff2 */ = {isa = PBXFileReference; lastKnownFileType = file; path = "WantedSans-Black.woff2"; sourceTree = "<group>"; };
		689494B92BFDAEF4001E3B94 /* WantedSans-Bold.woff2 */ = {isa = PBXFileReference; lastKnownFileType = file; path = "WantedSans-Bold.woff2"; sourceTree = "<group>"; };
		689494BA2BFDAEF4001E3B94 /* WantedSans-ExtraBlack.woff2 */ = {isa = PBXFileReference; lastKnownFileType = file; path = "WantedSans-ExtraBlack.woff2"; sourceTree = "<group>"; };
		689494BB2BFDAEF4001E3B94 /* WantedSans-ExtraBold.woff2 */ = {isa = PBXFileReference; lastKnownFileType = file; path = "WantedSans-ExtraBold.woff2"; sourceTree = "<group>"; };
		689494BC2BFDAEF4001E3B94 /* WantedSans-Medium.woff2 */ = {isa = PBXFileReference; lastKnownFileType = file; path = "WantedSans-Medium.woff2"; sourceTree = "<group>"; };
		689494BD2BFDAEF4001E3B94 /* WantedSans-Regular.woff2 */ = {isa = PBXFileReference; lastKnownFileType = file; path = "WantedSans-Regular.woff2"; sourceTree = "<group>"; };
		689494BE2BFDAEF4001E3B94 /* WantedSans-SemiBold.woff2 */ = {isa = PBXFileReference; lastKnownFileType = file; path = "WantedSans-SemiBold.woff2"; sourceTree = "<group>"; };
		689494C02BFDAEF4001E3B94 /* WantedSans.css */ = {isa = PBXFileReference; fileEncoding = 4; lastKnownFileType = text.css; path = WantedSans.css; sourceTree = "<group>"; };
		689494C32BFDAEF4001E3B94 /* WantedSansVariable.woff2 */ = {isa = PBXFileReference; lastKnownFileType = file; path = WantedSansVariable.woff2; sourceTree = "<group>"; };
		689494C52BFDAEF4001E3B94 /* WantedSansVariable.css */ = {isa = PBXFileReference; fileEncoding = 4; lastKnownFileType = text.css; path = WantedSansVariable.css; sourceTree = "<group>"; };
		689494C92BFDAEF4001E3B94 /* OFL.txt */ = {isa = PBXFileReference; fileEncoding = 4; lastKnownFileType = text; path = OFL.txt; sourceTree = "<group>"; };
		689494E62BFDB00A001E3B94 /* APIConfig.swift */ = {isa = PBXFileReference; lastKnownFileType = sourcecode.swift; path = APIConfig.swift; sourceTree = "<group>"; };
		689494E82BFDB1BD001E3B94 /* Const.swift */ = {isa = PBXFileReference; lastKnownFileType = sourcecode.swift; path = Const.swift; sourceTree = "<group>"; };
		689494EB2BFDB415001E3B94 /* UserInfo.swift */ = {isa = PBXFileReference; lastKnownFileType = sourcecode.swift; path = UserInfo.swift; sourceTree = "<group>"; };
		689494ED2BFDB45E001E3B94 /* MainViewController.swift */ = {isa = PBXFileReference; lastKnownFileType = sourcecode.swift; path = MainViewController.swift; sourceTree = "<group>"; };
		68FD36F22C021ECA002EC3D8 /* RutineStartConfirmVC.swift */ = {isa = PBXFileReference; lastKnownFileType = sourcecode.swift; path = RutineStartConfirmVC.swift; sourceTree = "<group>"; };
/* End PBXFileReference section */

/* Begin PBXFrameworksBuildPhase section */
		683BD1EA2BFB2C9E000266D5 /* Frameworks */ = {
			isa = PBXFrameworksBuildPhase;
			buildActionMask = 2147483647;
			files = (
				689721E92BFCED8F00BF88EA /* KakaoSDKCommon in Frameworks */,
				687009CF2C00619300EF5C33 /* FSCalendar in Frameworks */,
				687009D32C00675400EF5C33 /* FSPagerView in Frameworks */,
				687009DF2C007A8F00EF5C33 /* SnapKit in Frameworks */,
				689721E72BFCED8F00BF88EA /* KakaoSDKAuth in Frameworks */,
				689721EB2BFCED8F00BF88EA /* KakaoSDKUser in Frameworks */,
			);
			runOnlyForDeploymentPostprocessing = 0;
		};
		683BD2002BFB2CA2000266D5 /* Frameworks */ = {
			isa = PBXFrameworksBuildPhase;
			buildActionMask = 2147483647;
			files = (
			);
			runOnlyForDeploymentPostprocessing = 0;
		};
		683BD20A2BFB2CA2000266D5 /* Frameworks */ = {
			isa = PBXFrameworksBuildPhase;
			buildActionMask = 2147483647;
			files = (
			);
			runOnlyForDeploymentPostprocessing = 0;
		};
/* End PBXFrameworksBuildPhase section */

/* Begin PBXGroup section */
		683BD1E42BFB2C9E000266D5 = {
			isa = PBXGroup;
			children = (
				683BD1EF2BFB2C9E000266D5 /* Ruti */,
				683BD2062BFB2CA2000266D5 /* RutiTests */,
				683BD2102BFB2CA2000266D5 /* RutiUITests */,
				689494CB2BFDAEF4001E3B94 /* Resources */,
				683BD1EE2BFB2C9E000266D5 /* Products */,
				689721E52BFCED8F00BF88EA /* Frameworks */,
			);
			sourceTree = "<group>";
		};
		683BD1EE2BFB2C9E000266D5 /* Products */ = {
			isa = PBXGroup;
			children = (
				683BD1ED2BFB2C9E000266D5 /* Ruti.app */,
				683BD2032BFB2CA2000266D5 /* RutiTests.xctest */,
				683BD20D2BFB2CA2000266D5 /* RutiUITests.xctest */,
			);
			name = Products;
			sourceTree = "<group>";
		};
		683BD1EF2BFB2C9E000266D5 /* Ruti */ = {
			isa = PBXGroup;
			children = (
				687009D12C0066E900EF5C33 /* FSPagerView-master */,
				689494EA2BFDB405001E3B94 /* Model */,
				689494E82BFDB1BD001E3B94 /* Const.swift */,
				689494992BFDAE3E001E3B94 /* Service */,
				689494982BFDAE19001E3B94 /* View */,
				683BD1F02BFB2C9E000266D5 /* AppDelegate.swift */,
				683BD1F22BFB2C9E000266D5 /* SceneDelegate.swift */,
				683BD1F42BFB2C9E000266D5 /* ViewController.swift */,
				683BD1F62BFB2C9E000266D5 /* Main.storyboard */,
				683BD1F92BFB2CA1000266D5 /* Assets.xcassets */,
				683BD1FB2BFB2CA1000266D5 /* LaunchScreen.storyboard */,
				683BD1FE2BFB2CA1000266D5 /* Info.plist */,
			);
			path = Ruti;
			sourceTree = "<group>";
		};
		683BD2062BFB2CA2000266D5 /* RutiTests */ = {
			isa = PBXGroup;
			children = (
				683BD2072BFB2CA2000266D5 /* RutiTests.swift */,
			);
			path = RutiTests;
			sourceTree = "<group>";
		};
		683BD2102BFB2CA2000266D5 /* RutiUITests */ = {
			isa = PBXGroup;
			children = (
				683BD2112BFB2CA2000266D5 /* RutiUITests.swift */,
				683BD2132BFB2CA2000266D5 /* RutiUITestsLaunchTests.swift */,
			);
			path = RutiUITests;
			sourceTree = "<group>";
		};
		687009B92C00327500EF5C33 /* RutineAlarm */ = {
			isa = PBXGroup;
			children = (
				687009BA2C0032A900EF5C33 /* RutineStartVC.swift */,
				68FD36F22C021ECA002EC3D8 /* RutineStartConfirmVC.swift */,
			);
			path = RutineAlarm;
			sourceTree = "<group>";
		};
		687009D42C00679600EF5C33 /* NavigationVC */ = {
			isa = PBXGroup;
			children = (
				688D42A92C01A0E500F7EE0E /* RoutineMenu */,
				687009D52C0067CA00EF5C33 /* RankingVC.swift */,
				687009D92C006FC900EF5C33 /* CalendarVC.swift */,
				687009DB2C006FD900EF5C33 /* MyPageVC.swift */,
				687009E42C008F3300EF5C33 /* RankingTableCell.swift */,
				687009E52C008F3300EF5C33 /* RankingTableCell.xib */,
			);
			path = NavigationVC;
			sourceTree = "<group>";
		};
		688125962BFF3CA800C75B0B /* RutineRegist */ = {
			isa = PBXGroup;
			children = (
				688125942BFF2BCD00C75B0B /* RutineRegistViewController.swift */,
				688125972BFF3CD400C75B0B /* RutineRegistStep2VC.swift */,
				688125992BFF3DFD00C75B0B /* RutineRegistStep3VC.swift */,
				6881259B2BFF3E1200C75B0B /* RutineRegistStep4VC.swift */,
				6881259D2BFF3E2000C75B0B /* RutineRegistStep5VC.swift */,
				6881259F2BFF48B700C75B0B /* CategoryTableViewCell.swift */,
				680FAD642BFF72A800BC95EF /* TagCell.swift */,
				688D42A72C00E0E800F7EE0E /* PopupVC.swift */,
			);
			path = RutineRegist;
			sourceTree = "<group>";
		};
		688D42A92C01A0E500F7EE0E /* RoutineMenu */ = {
			isa = PBXGroup;
			children = (
				687009D72C006FBC00EF5C33 /* RoutineVC.swift */,
				688D42AA2C01A10A00F7EE0E /* DailyCell.swift */,
				6894898D2C01AAE200640EF1 /* RoutineCell.swift */,
				6894898E2C01AAE200640EF1 /* RoutineCell.xib */,
				689489912C01BA0400640EF1 /* RoutineDetailVC.swift */,
			);
			path = RoutineMenu;
			sourceTree = "<group>";
		};
		689494982BFDAE19001E3B94 /* View */ = {
			isa = PBXGroup;
			children = (
				687009D42C00679600EF5C33 /* NavigationVC */,
				687009B92C00327500EF5C33 /* RutineAlarm */,
				688125962BFF3CA800C75B0B /* RutineRegist */,
				689494ED2BFDB45E001E3B94 /* MainViewController.swift */,
				688125922BFF23A400C75B0B /* SignInViewController.swift */,
			);
			path = View;
			sourceTree = "<group>";
		};
		689494992BFDAE3E001E3B94 /* Service */ = {
			isa = PBXGroup;
			children = (
				6894949A2BFDAE62001E3B94 /* APIRequest.swift */,
				6894949E2BFDAE85001E3B94 /* APIResponse.swift */,
				689494A02BFDAEA1001E3B94 /* APIError.swift */,
				689494A42BFDAED0001E3B94 /* APIService.swift */,
				689494E62BFDB00A001E3B94 /* APIConfig.swift */,
				687009BC2C00357100EF5C33 /* PushNotificationHelper.swift */,
			);
			path = Service;
			sourceTree = "<group>";
		};
		689494AD2BFDAEF4001E3B94 /* otf */ = {
			isa = PBXGroup;
			children = (
				689494A62BFDAEF4001E3B94 /* WantedSans-Black.otf */,
				689494A72BFDAEF4001E3B94 /* WantedSans-Bold.otf */,
				689494A82BFDAEF4001E3B94 /* WantedSans-ExtraBlack.otf */,
				689494A92BFDAEF4001E3B94 /* WantedSans-ExtraBold.otf */,
				689494AA2BFDAEF4001E3B94 /* WantedSans-Medium.otf */,
				689494AB2BFDAEF4001E3B94 /* WantedSans-Regular.otf */,
				689494AC2BFDAEF4001E3B94 /* WantedSans-SemiBold.otf */,
			);
			path = otf;
			sourceTree = "<group>";
		};
		689494B52BFDAEF4001E3B94 /* ttf */ = {
			isa = PBXGroup;
			children = (
				689494AE2BFDAEF4001E3B94 /* WantedSans-Black.ttf */,
				689494AF2BFDAEF4001E3B94 /* WantedSans-Bold.ttf */,
				689494B02BFDAEF4001E3B94 /* WantedSans-ExtraBlack.ttf */,
				689494B12BFDAEF4001E3B94 /* WantedSans-ExtraBold.ttf */,
				689494B22BFDAEF4001E3B94 /* WantedSans-Medium.ttf */,
				689494B32BFDAEF4001E3B94 /* WantedSans-Regular.ttf */,
				689494B42BFDAEF4001E3B94 /* WantedSans-SemiBold.ttf */,
			);
			path = ttf;
			sourceTree = "<group>";
		};
		689494B72BFDAEF4001E3B94 /* variable */ = {
			isa = PBXGroup;
			children = (
				689494B62BFDAEF4001E3B94 /* WantedSansVariable.ttf */,
			);
			path = variable;
			sourceTree = "<group>";
		};
		689494BF2BFDAEF4001E3B94 /* woff2 */ = {
			isa = PBXGroup;
			children = (
				689494B82BFDAEF4001E3B94 /* WantedSans-Black.woff2 */,
				689494B92BFDAEF4001E3B94 /* WantedSans-Bold.woff2 */,
				689494BA2BFDAEF4001E3B94 /* WantedSans-ExtraBlack.woff2 */,
				689494BB2BFDAEF4001E3B94 /* WantedSans-ExtraBold.woff2 */,
				689494BC2BFDAEF4001E3B94 /* WantedSans-Medium.woff2 */,
				689494BD2BFDAEF4001E3B94 /* WantedSans-Regular.woff2 */,
				689494BE2BFDAEF4001E3B94 /* WantedSans-SemiBold.woff2 */,
			);
			path = woff2;
			sourceTree = "<group>";
		};
		689494C12BFDAEF4001E3B94 /* complete */ = {
			isa = PBXGroup;
			children = (
				689494BF2BFDAEF4001E3B94 /* woff2 */,
				689494C02BFDAEF4001E3B94 /* WantedSans.css */,
			);
			path = complete;
			sourceTree = "<group>";
		};
		689494C22BFDAEF4001E3B94 /* static */ = {
			isa = PBXGroup;
			children = (
				689494C12BFDAEF4001E3B94 /* complete */,
			);
			path = static;
			sourceTree = "<group>";
		};
		689494C42BFDAEF4001E3B94 /* woff2 */ = {
			isa = PBXGroup;
			children = (
				689494C32BFDAEF4001E3B94 /* WantedSansVariable.woff2 */,
			);
			path = woff2;
			sourceTree = "<group>";
		};
		689494C62BFDAEF4001E3B94 /* complete */ = {
			isa = PBXGroup;
			children = (
				689494C42BFDAEF4001E3B94 /* woff2 */,
				689494C52BFDAEF4001E3B94 /* WantedSansVariable.css */,
			);
			path = complete;
			sourceTree = "<group>";
		};
		689494C72BFDAEF4001E3B94 /* variable */ = {
			isa = PBXGroup;
			children = (
				689494C62BFDAEF4001E3B94 /* complete */,
			);
			path = variable;
			sourceTree = "<group>";
		};
		689494C82BFDAEF4001E3B94 /* webfonts */ = {
			isa = PBXGroup;
			children = (
				689494C22BFDAEF4001E3B94 /* static */,
				689494C72BFDAEF4001E3B94 /* variable */,
			);
			path = webfonts;
			sourceTree = "<group>";
		};
		689494CA2BFDAEF4001E3B94 /* WantedSans-1.0.3 */ = {
			isa = PBXGroup;
			children = (
				689494AD2BFDAEF4001E3B94 /* otf */,
				689494B52BFDAEF4001E3B94 /* ttf */,
				689494B72BFDAEF4001E3B94 /* variable */,
				689494C82BFDAEF4001E3B94 /* webfonts */,
				689494C92BFDAEF4001E3B94 /* OFL.txt */,
			);
			path = "WantedSans-1.0.3";
			sourceTree = "<group>";
		};
		689494CB2BFDAEF4001E3B94 /* Resources */ = {
			isa = PBXGroup;
			children = (
				689494CA2BFDAEF4001E3B94 /* WantedSans-1.0.3 */,
			);
			path = Resources;
			sourceTree = SOURCE_ROOT;
		};
		689494EA2BFDB405001E3B94 /* Model */ = {
			isa = PBXGroup;
			children = (
				689494EB2BFDB415001E3B94 /* UserInfo.swift */,
			);
			path = Model;
			sourceTree = "<group>";
		};
		689721E52BFCED8F00BF88EA /* Frameworks */ = {
			isa = PBXGroup;
			children = (
				687009D02C0063AA00EF5C33 /* FSPagerView */,
			);
			name = Frameworks;
			sourceTree = "<group>";
		};
/* End PBXGroup section */

/* Begin PBXNativeTarget section */
		683BD1EC2BFB2C9E000266D5 /* Ruti */ = {
			isa = PBXNativeTarget;
			buildConfigurationList = 683BD2172BFB2CA2000266D5 /* Build configuration list for PBXNativeTarget "Ruti" */;
			buildPhases = (
				683BD1E92BFB2C9E000266D5 /* Sources */,
				683BD1EA2BFB2C9E000266D5 /* Frameworks */,
				683BD1EB2BFB2C9E000266D5 /* Resources */,
			);
			buildRules = (
			);
			dependencies = (
			);
			name = Ruti;
			packageProductDependencies = (
				689721E62BFCED8F00BF88EA /* KakaoSDKAuth */,
				689721E82BFCED8F00BF88EA /* KakaoSDKCommon */,
				689721EA2BFCED8F00BF88EA /* KakaoSDKUser */,
				687009CE2C00619300EF5C33 /* FSCalendar */,
				687009D22C00675400EF5C33 /* FSPagerView */,
				687009DE2C007A8F00EF5C33 /* SnapKit */,
			);
			productName = Ruti;
			productReference = 683BD1ED2BFB2C9E000266D5 /* Ruti.app */;
			productType = "com.apple.product-type.application";
		};
		683BD2022BFB2CA2000266D5 /* RutiTests */ = {
			isa = PBXNativeTarget;
			buildConfigurationList = 683BD21A2BFB2CA2000266D5 /* Build configuration list for PBXNativeTarget "RutiTests" */;
			buildPhases = (
				683BD1FF2BFB2CA2000266D5 /* Sources */,
				683BD2002BFB2CA2000266D5 /* Frameworks */,
				683BD2012BFB2CA2000266D5 /* Resources */,
			);
			buildRules = (
			);
			dependencies = (
				683BD2052BFB2CA2000266D5 /* PBXTargetDependency */,
			);
			name = RutiTests;
			productName = RutiTests;
			productReference = 683BD2032BFB2CA2000266D5 /* RutiTests.xctest */;
			productType = "com.apple.product-type.bundle.unit-test";
		};
		683BD20C2BFB2CA2000266D5 /* RutiUITests */ = {
			isa = PBXNativeTarget;
			buildConfigurationList = 683BD21D2BFB2CA2000266D5 /* Build configuration list for PBXNativeTarget "RutiUITests" */;
			buildPhases = (
				683BD2092BFB2CA2000266D5 /* Sources */,
				683BD20A2BFB2CA2000266D5 /* Frameworks */,
				683BD20B2BFB2CA2000266D5 /* Resources */,
			);
			buildRules = (
			);
			dependencies = (
				683BD20F2BFB2CA2000266D5 /* PBXTargetDependency */,
			);
			name = RutiUITests;
			productName = RutiUITests;
			productReference = 683BD20D2BFB2CA2000266D5 /* RutiUITests.xctest */;
			productType = "com.apple.product-type.bundle.ui-testing";
		};
/* End PBXNativeTarget section */

/* Begin PBXProject section */
		683BD1E52BFB2C9E000266D5 /* Project object */ = {
			isa = PBXProject;
			attributes = {
				BuildIndependentTargetsInParallel = 1;
				LastSwiftUpdateCheck = 1540;
				LastUpgradeCheck = 1540;
				TargetAttributes = {
					683BD1EC2BFB2C9E000266D5 = {
						CreatedOnToolsVersion = 15.4;
					};
					683BD2022BFB2CA2000266D5 = {
						CreatedOnToolsVersion = 15.4;
						TestTargetID = 683BD1EC2BFB2C9E000266D5;
					};
					683BD20C2BFB2CA2000266D5 = {
						CreatedOnToolsVersion = 15.4;
						TestTargetID = 683BD1EC2BFB2C9E000266D5;
					};
				};
			};
			buildConfigurationList = 683BD1E82BFB2C9E000266D5 /* Build configuration list for PBXProject "Ruti" */;
			compatibilityVersion = "Xcode 14.0";
			developmentRegion = en;
			hasScannedForEncodings = 0;
			knownRegions = (
				en,
				Base,
			);
			mainGroup = 683BD1E42BFB2C9E000266D5;
			packageReferences = (
				689721E42BFCE95B00BF88EA /* XCRemoteSwiftPackageReference "kakao-ios-sdk" */,
				687009CD2C00616700EF5C33 /* XCRemoteSwiftPackageReference "FSCalendar" */,
				687009DD2C007A5200EF5C33 /* XCRemoteSwiftPackageReference "SnapKit" */,
			);
			productRefGroup = 683BD1EE2BFB2C9E000266D5 /* Products */;
			projectDirPath = "";
			projectRoot = "";
			targets = (
				683BD1EC2BFB2C9E000266D5 /* Ruti */,
				683BD2022BFB2CA2000266D5 /* RutiTests */,
				683BD20C2BFB2CA2000266D5 /* RutiUITests */,
			);
		};
/* End PBXProject section */

/* Begin PBXResourcesBuildPhase section */
		683BD1EB2BFB2C9E000266D5 /* Resources */ = {
			isa = PBXResourcesBuildPhase;
			buildActionMask = 2147483647;
			files = (
				689494DE2BFDAEF4001E3B94 /* WantedSans-ExtraBold.woff2 in Resources */,
				689494D62BFDAEF4001E3B94 /* WantedSans-ExtraBold.ttf in Resources */,
				689494D22BFDAEF4001E3B94 /* WantedSans-SemiBold.otf in Resources */,
				689494DB2BFDAEF4001E3B94 /* WantedSans-Black.woff2 in Resources */,
				689494E12BFDAEF4001E3B94 /* WantedSans-SemiBold.woff2 in Resources */,
				689494D42BFDAEF4001E3B94 /* WantedSans-Bold.ttf in Resources */,
				683BD1FA2BFB2CA1000266D5 /* Assets.xcassets in Resources */,
				689494DF2BFDAEF4001E3B94 /* WantedSans-Medium.woff2 in Resources */,
				689494D92BFDAEF4001E3B94 /* WantedSans-SemiBold.ttf in Resources */,
				689494E32BFDAEF4001E3B94 /* WantedSansVariable.woff2 in Resources */,
				689494CD2BFDAEF4001E3B94 /* WantedSans-Bold.otf in Resources */,
				689494E02BFDAEF4001E3B94 /* WantedSans-Regular.woff2 in Resources */,
				689494DA2BFDAEF4001E3B94 /* WantedSansVariable.ttf in Resources */,
				687009E62C008F3300EF5C33 /* RankingTableCell.xib in Resources */,
				689494D12BFDAEF4001E3B94 /* WantedSans-Regular.otf in Resources */,
				689494D52BFDAEF4001E3B94 /* WantedSans-ExtraBlack.ttf in Resources */,
				689494D02BFDAEF4001E3B94 /* WantedSans-Medium.otf in Resources */,
				689494CF2BFDAEF4001E3B94 /* WantedSans-ExtraBold.otf in Resources */,
				689494DD2BFDAEF4001E3B94 /* WantedSans-ExtraBlack.woff2 in Resources */,
				689494E52BFDAEF4001E3B94 /* OFL.txt in Resources */,
				689494D82BFDAEF4001E3B94 /* WantedSans-Regular.ttf in Resources */,
				689494D72BFDAEF4001E3B94 /* WantedSans-Medium.ttf in Resources */,
				689494CE2BFDAEF4001E3B94 /* WantedSans-ExtraBlack.otf in Resources */,
				689494CC2BFDAEF4001E3B94 /* WantedSans-Black.otf in Resources */,
				689489902C01AAE200640EF1 /* RoutineCell.xib in Resources */,
				689494E22BFDAEF4001E3B94 /* WantedSans.css in Resources */,
				683BD1FD2BFB2CA1000266D5 /* Base in Resources */,
				689494DC2BFDAEF4001E3B94 /* WantedSans-Bold.woff2 in Resources */,
				689494D32BFDAEF4001E3B94 /* WantedSans-Black.ttf in Resources */,
				683BD1F82BFB2C9E000266D5 /* Base in Resources */,
				689494E42BFDAEF4001E3B94 /* WantedSansVariable.css in Resources */,
			);
			runOnlyForDeploymentPostprocessing = 0;
		};
		683BD2012BFB2CA2000266D5 /* Resources */ = {
			isa = PBXResourcesBuildPhase;
			buildActionMask = 2147483647;
			files = (
			);
			runOnlyForDeploymentPostprocessing = 0;
		};
		683BD20B2BFB2CA2000266D5 /* Resources */ = {
			isa = PBXResourcesBuildPhase;
			buildActionMask = 2147483647;
			files = (
			);
			runOnlyForDeploymentPostprocessing = 0;
		};
/* End PBXResourcesBuildPhase section */

/* Begin PBXSourcesBuildPhase section */
		683BD1E92BFB2C9E000266D5 /* Sources */ = {
			isa = PBXSourcesBuildPhase;
			buildActionMask = 2147483647;
			files = (
				683BD1F52BFB2C9E000266D5 /* ViewController.swift in Sources */,
				689494EE2BFDB45E001E3B94 /* MainViewController.swift in Sources */,
				6881259C2BFF3E1200C75B0B /* RutineRegistStep4VC.swift in Sources */,
				680FAD652BFF72A800BC95EF /* TagCell.swift in Sources */,
				689494A52BFDAED0001E3B94 /* APIService.swift in Sources */,
				689494E72BFDB00A001E3B94 /* APIConfig.swift in Sources */,
				683BD1F12BFB2C9E000266D5 /* AppDelegate.swift in Sources */,
				6894949B2BFDAE62001E3B94 /* APIRequest.swift in Sources */,
				683BD1F32BFB2C9E000266D5 /* SceneDelegate.swift in Sources */,
				688D42AB2C01A10A00F7EE0E /* DailyCell.swift in Sources */,
				6894949F2BFDAE85001E3B94 /* APIResponse.swift in Sources */,
				688125932BFF23A400C75B0B /* SignInViewController.swift in Sources */,
				688125952BFF2BCD00C75B0B /* RutineRegistViewController.swift in Sources */,
				687009DC2C006FD900EF5C33 /* MyPageVC.swift in Sources */,
				689494A12BFDAEA1001E3B94 /* APIError.swift in Sources */,
				689494EC2BFDB415001E3B94 /* UserInfo.swift in Sources */,
				6894898F2C01AAE200640EF1 /* RoutineCell.swift in Sources */,
				687009DA2C006FC900EF5C33 /* CalendarVC.swift in Sources */,
				687009BD2C00357100EF5C33 /* PushNotificationHelper.swift in Sources */,
				68FD36F32C021ECA002EC3D8 /* RutineStartConfirmVC.swift in Sources */,
				689494E92BFDB1BD001E3B94 /* Const.swift in Sources */,
				6881259A2BFF3DFD00C75B0B /* RutineRegistStep3VC.swift in Sources */,
				687009E72C008F3300EF5C33 /* RankingTableCell.swift in Sources */,
				687009BB2C0032A900EF5C33 /* RutineStartVC.swift in Sources */,
				6881259E2BFF3E2000C75B0B /* RutineRegistStep5VC.swift in Sources */,
				688125982BFF3CD400C75B0B /* RutineRegistStep2VC.swift in Sources */,
				688125A02BFF48B700C75B0B /* CategoryTableViewCell.swift in Sources */,
				688D42A82C00E0E800F7EE0E /* PopupVC.swift in Sources */,
				687009D82C006FBC00EF5C33 /* RoutineVC.swift in Sources */,
				689489922C01BA0400640EF1 /* RoutineDetailVC.swift in Sources */,
				687009D62C0067CA00EF5C33 /* RankingVC.swift in Sources */,
			);
			runOnlyForDeploymentPostprocessing = 0;
		};
		683BD1FF2BFB2CA2000266D5 /* Sources */ = {
			isa = PBXSourcesBuildPhase;
			buildActionMask = 2147483647;
			files = (
				683BD2082BFB2CA2000266D5 /* RutiTests.swift in Sources */,
			);
			runOnlyForDeploymentPostprocessing = 0;
		};
		683BD2092BFB2CA2000266D5 /* Sources */ = {
			isa = PBXSourcesBuildPhase;
			buildActionMask = 2147483647;
			files = (
				683BD2142BFB2CA2000266D5 /* RutiUITestsLaunchTests.swift in Sources */,
				683BD2122BFB2CA2000266D5 /* RutiUITests.swift in Sources */,
			);
			runOnlyForDeploymentPostprocessing = 0;
		};
/* End PBXSourcesBuildPhase section */

/* Begin PBXTargetDependency section */
		683BD2052BFB2CA2000266D5 /* PBXTargetDependency */ = {
			isa = PBXTargetDependency;
			target = 683BD1EC2BFB2C9E000266D5 /* Ruti */;
			targetProxy = 683BD2042BFB2CA2000266D5 /* PBXContainerItemProxy */;
		};
		683BD20F2BFB2CA2000266D5 /* PBXTargetDependency */ = {
			isa = PBXTargetDependency;
			target = 683BD1EC2BFB2C9E000266D5 /* Ruti */;
			targetProxy = 683BD20E2BFB2CA2000266D5 /* PBXContainerItemProxy */;
		};
/* End PBXTargetDependency section */

/* Begin PBXVariantGroup section */
		683BD1F62BFB2C9E000266D5 /* Main.storyboard */ = {
			isa = PBXVariantGroup;
			children = (
				683BD1F72BFB2C9E000266D5 /* Base */,
			);
			name = Main.storyboard;
			sourceTree = "<group>";
		};
		683BD1FB2BFB2CA1000266D5 /* LaunchScreen.storyboard */ = {
			isa = PBXVariantGroup;
			children = (
				683BD1FC2BFB2CA1000266D5 /* Base */,
			);
			name = LaunchScreen.storyboard;
			sourceTree = "<group>";
		};
/* End PBXVariantGroup section */

/* Begin XCBuildConfiguration section */
		683BD2152BFB2CA2000266D5 /* Debug */ = {
			isa = XCBuildConfiguration;
			buildSettings = {
				ALWAYS_SEARCH_USER_PATHS = NO;
				ASSETCATALOG_COMPILER_GENERATE_SWIFT_ASSET_SYMBOL_EXTENSIONS = YES;
				CLANG_ANALYZER_NONNULL = YES;
				CLANG_ANALYZER_NUMBER_OBJECT_CONVERSION = YES_AGGRESSIVE;
				CLANG_CXX_LANGUAGE_STANDARD = "gnu++20";
				CLANG_ENABLE_MODULES = YES;
				CLANG_ENABLE_OBJC_ARC = YES;
				CLANG_ENABLE_OBJC_WEAK = YES;
				CLANG_WARN_BLOCK_CAPTURE_AUTORELEASING = YES;
				CLANG_WARN_BOOL_CONVERSION = YES;
				CLANG_WARN_COMMA = YES;
				CLANG_WARN_CONSTANT_CONVERSION = YES;
				CLANG_WARN_DEPRECATED_OBJC_IMPLEMENTATIONS = YES;
				CLANG_WARN_DIRECT_OBJC_ISA_USAGE = YES_ERROR;
				CLANG_WARN_DOCUMENTATION_COMMENTS = YES;
				CLANG_WARN_EMPTY_BODY = YES;
				CLANG_WARN_ENUM_CONVERSION = YES;
				CLANG_WARN_INFINITE_RECURSION = YES;
				CLANG_WARN_INT_CONVERSION = YES;
				CLANG_WARN_NON_LITERAL_NULL_CONVERSION = YES;
				CLANG_WARN_OBJC_IMPLICIT_RETAIN_SELF = YES;
				CLANG_WARN_OBJC_LITERAL_CONVERSION = YES;
				CLANG_WARN_OBJC_ROOT_CLASS = YES_ERROR;
				CLANG_WARN_QUOTED_INCLUDE_IN_FRAMEWORK_HEADER = YES;
				CLANG_WARN_RANGE_LOOP_ANALYSIS = YES;
				CLANG_WARN_STRICT_PROTOTYPES = YES;
				CLANG_WARN_SUSPICIOUS_MOVE = YES;
				CLANG_WARN_UNGUARDED_AVAILABILITY = YES_AGGRESSIVE;
				CLANG_WARN_UNREACHABLE_CODE = YES;
				CLANG_WARN__DUPLICATE_METHOD_MATCH = YES;
				COPY_PHASE_STRIP = NO;
				DEBUG_INFORMATION_FORMAT = dwarf;
				ENABLE_STRICT_OBJC_MSGSEND = YES;
				ENABLE_TESTABILITY = YES;
				ENABLE_USER_SCRIPT_SANDBOXING = YES;
				GCC_C_LANGUAGE_STANDARD = gnu17;
				GCC_DYNAMIC_NO_PIC = NO;
				GCC_NO_COMMON_BLOCKS = YES;
				GCC_OPTIMIZATION_LEVEL = 0;
				GCC_PREPROCESSOR_DEFINITIONS = (
					"DEBUG=1",
					"$(inherited)",
				);
				GCC_WARN_64_TO_32_BIT_CONVERSION = YES;
				GCC_WARN_ABOUT_RETURN_TYPE = YES_ERROR;
				GCC_WARN_UNDECLARED_SELECTOR = YES;
				GCC_WARN_UNINITIALIZED_AUTOS = YES_AGGRESSIVE;
				GCC_WARN_UNUSED_FUNCTION = YES;
				GCC_WARN_UNUSED_VARIABLE = YES;
				INFOPLIST_KEY_CFBundleDisplayName = RUTI;
				IPHONEOS_DEPLOYMENT_TARGET = 17.5;
				LOCALIZATION_PREFERS_STRING_CATALOGS = YES;
				MTL_ENABLE_DEBUG_INFO = INCLUDE_SOURCE;
				MTL_FAST_MATH = YES;
				ONLY_ACTIVE_ARCH = YES;
				SDKROOT = iphoneos;
				SWIFT_ACTIVE_COMPILATION_CONDITIONS = "DEBUG $(inherited)";
				SWIFT_OPTIMIZATION_LEVEL = "-Onone";
			};
			name = Debug;
		};
		683BD2162BFB2CA2000266D5 /* Release */ = {
			isa = XCBuildConfiguration;
			buildSettings = {
				ALWAYS_SEARCH_USER_PATHS = NO;
				ASSETCATALOG_COMPILER_GENERATE_SWIFT_ASSET_SYMBOL_EXTENSIONS = YES;
				CLANG_ANALYZER_NONNULL = YES;
				CLANG_ANALYZER_NUMBER_OBJECT_CONVERSION = YES_AGGRESSIVE;
				CLANG_CXX_LANGUAGE_STANDARD = "gnu++20";
				CLANG_ENABLE_MODULES = YES;
				CLANG_ENABLE_OBJC_ARC = YES;
				CLANG_ENABLE_OBJC_WEAK = YES;
				CLANG_WARN_BLOCK_CAPTURE_AUTORELEASING = YES;
				CLANG_WARN_BOOL_CONVERSION = YES;
				CLANG_WARN_COMMA = YES;
				CLANG_WARN_CONSTANT_CONVERSION = YES;
				CLANG_WARN_DEPRECATED_OBJC_IMPLEMENTATIONS = YES;
				CLANG_WARN_DIRECT_OBJC_ISA_USAGE = YES_ERROR;
				CLANG_WARN_DOCUMENTATION_COMMENTS = YES;
				CLANG_WARN_EMPTY_BODY = YES;
				CLANG_WARN_ENUM_CONVERSION = YES;
				CLANG_WARN_INFINITE_RECURSION = YES;
				CLANG_WARN_INT_CONVERSION = YES;
				CLANG_WARN_NON_LITERAL_NULL_CONVERSION = YES;
				CLANG_WARN_OBJC_IMPLICIT_RETAIN_SELF = YES;
				CLANG_WARN_OBJC_LITERAL_CONVERSION = YES;
				CLANG_WARN_OBJC_ROOT_CLASS = YES_ERROR;
				CLANG_WARN_QUOTED_INCLUDE_IN_FRAMEWORK_HEADER = YES;
				CLANG_WARN_RANGE_LOOP_ANALYSIS = YES;
				CLANG_WARN_STRICT_PROTOTYPES = YES;
				CLANG_WARN_SUSPICIOUS_MOVE = YES;
				CLANG_WARN_UNGUARDED_AVAILABILITY = YES_AGGRESSIVE;
				CLANG_WARN_UNREACHABLE_CODE = YES;
				CLANG_WARN__DUPLICATE_METHOD_MATCH = YES;
				COPY_PHASE_STRIP = NO;
				DEBUG_INFORMATION_FORMAT = "dwarf-with-dsym";
				ENABLE_NS_ASSERTIONS = NO;
				ENABLE_STRICT_OBJC_MSGSEND = YES;
				ENABLE_USER_SCRIPT_SANDBOXING = YES;
				GCC_C_LANGUAGE_STANDARD = gnu17;
				GCC_NO_COMMON_BLOCKS = YES;
				GCC_WARN_64_TO_32_BIT_CONVERSION = YES;
				GCC_WARN_ABOUT_RETURN_TYPE = YES_ERROR;
				GCC_WARN_UNDECLARED_SELECTOR = YES;
				GCC_WARN_UNINITIALIZED_AUTOS = YES_AGGRESSIVE;
				GCC_WARN_UNUSED_FUNCTION = YES;
				GCC_WARN_UNUSED_VARIABLE = YES;
				INFOPLIST_KEY_CFBundleDisplayName = RUTI;
				IPHONEOS_DEPLOYMENT_TARGET = 17.5;
				LOCALIZATION_PREFERS_STRING_CATALOGS = YES;
				MTL_ENABLE_DEBUG_INFO = NO;
				MTL_FAST_MATH = YES;
				SDKROOT = iphoneos;
				SWIFT_COMPILATION_MODE = wholemodule;
				VALIDATE_PRODUCT = YES;
			};
			name = Release;
		};
		683BD2182BFB2CA2000266D5 /* Debug */ = {
			isa = XCBuildConfiguration;
			buildSettings = {
				ASSETCATALOG_COMPILER_APPICON_NAME = AppIcon;
				ASSETCATALOG_COMPILER_GLOBAL_ACCENT_COLOR_NAME = AccentColor;
				CODE_SIGN_STYLE = Automatic;
				CURRENT_PROJECT_VERSION = 1;
				DEVELOPMENT_TEAM = W832C4SNYD;
				GENERATE_INFOPLIST_FILE = YES;
				INFOPLIST_FILE = Ruti/Info.plist;
				INFOPLIST_KEY_UIApplicationSupportsIndirectInputEvents = YES;
				INFOPLIST_KEY_UILaunchStoryboardName = LaunchScreen;
				INFOPLIST_KEY_UIMainStoryboardFile = Main;
				INFOPLIST_KEY_UISupportedInterfaceOrientations_iPad = "UIInterfaceOrientationPortrait UIInterfaceOrientationPortraitUpsideDown UIInterfaceOrientationLandscapeLeft UIInterfaceOrientationLandscapeRight";
				INFOPLIST_KEY_UISupportedInterfaceOrientations_iPhone = "UIInterfaceOrientationPortrait UIInterfaceOrientationLandscapeLeft UIInterfaceOrientationLandscapeRight";
				LD_RUNPATH_SEARCH_PATHS = (
					"$(inherited)",
					"@executable_path/Frameworks",
				);
				MARKETING_VERSION = 1.0;
				PRODUCT_BUNDLE_IDENTIFIER = lxxyeon.Ruti;
				PRODUCT_NAME = "$(TARGET_NAME)";
				SWIFT_EMIT_LOC_STRINGS = YES;
				SWIFT_VERSION = 5.0;
				TARGETED_DEVICE_FAMILY = "1,2";
			};
			name = Debug;
		};
		683BD2192BFB2CA2000266D5 /* Release */ = {
			isa = XCBuildConfiguration;
			buildSettings = {
				ASSETCATALOG_COMPILER_APPICON_NAME = AppIcon;
				ASSETCATALOG_COMPILER_GLOBAL_ACCENT_COLOR_NAME = AccentColor;
				CODE_SIGN_STYLE = Automatic;
				CURRENT_PROJECT_VERSION = 1;
				DEVELOPMENT_TEAM = W832C4SNYD;
				GENERATE_INFOPLIST_FILE = YES;
				INFOPLIST_FILE = Ruti/Info.plist;
				INFOPLIST_KEY_UIApplicationSupportsIndirectInputEvents = YES;
				INFOPLIST_KEY_UILaunchStoryboardName = LaunchScreen;
				INFOPLIST_KEY_UIMainStoryboardFile = Main;
				INFOPLIST_KEY_UISupportedInterfaceOrientations_iPad = "UIInterfaceOrientationPortrait UIInterfaceOrientationPortraitUpsideDown UIInterfaceOrientationLandscapeLeft UIInterfaceOrientationLandscapeRight";
				INFOPLIST_KEY_UISupportedInterfaceOrientations_iPhone = "UIInterfaceOrientationPortrait UIInterfaceOrientationLandscapeLeft UIInterfaceOrientationLandscapeRight";
				LD_RUNPATH_SEARCH_PATHS = (
					"$(inherited)",
					"@executable_path/Frameworks",
				);
				MARKETING_VERSION = 1.0;
				PRODUCT_BUNDLE_IDENTIFIER = lxxyeon.Ruti;
				PRODUCT_NAME = "$(TARGET_NAME)";
				SWIFT_EMIT_LOC_STRINGS = YES;
				SWIFT_VERSION = 5.0;
				TARGETED_DEVICE_FAMILY = "1,2";
			};
			name = Release;
		};
		683BD21B2BFB2CA2000266D5 /* Debug */ = {
			isa = XCBuildConfiguration;
			buildSettings = {
				ALWAYS_EMBED_SWIFT_STANDARD_LIBRARIES = YES;
				BUNDLE_LOADER = "$(TEST_HOST)";
				CODE_SIGN_STYLE = Automatic;
				CURRENT_PROJECT_VERSION = 1;
				DEVELOPMENT_TEAM = W832C4SNYD;
				GENERATE_INFOPLIST_FILE = YES;
				IPHONEOS_DEPLOYMENT_TARGET = 17.5;
				MARKETING_VERSION = 1.0;
				PRODUCT_BUNDLE_IDENTIFIER = lxxyeon.RutiTests;
				PRODUCT_NAME = "$(TARGET_NAME)";
				SWIFT_EMIT_LOC_STRINGS = NO;
				SWIFT_VERSION = 5.0;
				TARGETED_DEVICE_FAMILY = "1,2";
				TEST_HOST = "$(BUILT_PRODUCTS_DIR)/Ruti.app/$(BUNDLE_EXECUTABLE_FOLDER_PATH)/Ruti";
			};
			name = Debug;
		};
		683BD21C2BFB2CA2000266D5 /* Release */ = {
			isa = XCBuildConfiguration;
			buildSettings = {
				ALWAYS_EMBED_SWIFT_STANDARD_LIBRARIES = YES;
				BUNDLE_LOADER = "$(TEST_HOST)";
				CODE_SIGN_STYLE = Automatic;
				CURRENT_PROJECT_VERSION = 1;
				DEVELOPMENT_TEAM = W832C4SNYD;
				GENERATE_INFOPLIST_FILE = YES;
				IPHONEOS_DEPLOYMENT_TARGET = 17.5;
				MARKETING_VERSION = 1.0;
				PRODUCT_BUNDLE_IDENTIFIER = lxxyeon.RutiTests;
				PRODUCT_NAME = "$(TARGET_NAME)";
				SWIFT_EMIT_LOC_STRINGS = NO;
				SWIFT_VERSION = 5.0;
				TARGETED_DEVICE_FAMILY = "1,2";
				TEST_HOST = "$(BUILT_PRODUCTS_DIR)/Ruti.app/$(BUNDLE_EXECUTABLE_FOLDER_PATH)/Ruti";
			};
			name = Release;
		};
		683BD21E2BFB2CA2000266D5 /* Debug */ = {
			isa = XCBuildConfiguration;
			buildSettings = {
				ALWAYS_EMBED_SWIFT_STANDARD_LIBRARIES = YES;
				CODE_SIGN_STYLE = Automatic;
				CURRENT_PROJECT_VERSION = 1;
				DEVELOPMENT_TEAM = W832C4SNYD;
				GENERATE_INFOPLIST_FILE = YES;
				MARKETING_VERSION = 1.0;
				PRODUCT_BUNDLE_IDENTIFIER = lxxyeon.RutiUITests;
				PRODUCT_NAME = "$(TARGET_NAME)";
				SWIFT_EMIT_LOC_STRINGS = NO;
				SWIFT_VERSION = 5.0;
				TARGETED_DEVICE_FAMILY = "1,2";
				TEST_TARGET_NAME = Ruti;
			};
			name = Debug;
		};
		683BD21F2BFB2CA2000266D5 /* Release */ = {
			isa = XCBuildConfiguration;
			buildSettings = {
				ALWAYS_EMBED_SWIFT_STANDARD_LIBRARIES = YES;
				CODE_SIGN_STYLE = Automatic;
				CURRENT_PROJECT_VERSION = 1;
				DEVELOPMENT_TEAM = W832C4SNYD;
				GENERATE_INFOPLIST_FILE = YES;
				MARKETING_VERSION = 1.0;
				PRODUCT_BUNDLE_IDENTIFIER = lxxyeon.RutiUITests;
				PRODUCT_NAME = "$(TARGET_NAME)";
				SWIFT_EMIT_LOC_STRINGS = NO;
				SWIFT_VERSION = 5.0;
				TARGETED_DEVICE_FAMILY = "1,2";
				TEST_TARGET_NAME = Ruti;
			};
			name = Release;
		};
/* End XCBuildConfiguration section */

/* Begin XCConfigurationList section */
		683BD1E82BFB2C9E000266D5 /* Build configuration list for PBXProject "Ruti" */ = {
			isa = XCConfigurationList;
			buildConfigurations = (
				683BD2152BFB2CA2000266D5 /* Debug */,
				683BD2162BFB2CA2000266D5 /* Release */,
			);
			defaultConfigurationIsVisible = 0;
			defaultConfigurationName = Release;
		};
		683BD2172BFB2CA2000266D5 /* Build configuration list for PBXNativeTarget "Ruti" */ = {
			isa = XCConfigurationList;
			buildConfigurations = (
				683BD2182BFB2CA2000266D5 /* Debug */,
				683BD2192BFB2CA2000266D5 /* Release */,
			);
			defaultConfigurationIsVisible = 0;
			defaultConfigurationName = Release;
		};
		683BD21A2BFB2CA2000266D5 /* Build configuration list for PBXNativeTarget "RutiTests" */ = {
			isa = XCConfigurationList;
			buildConfigurations = (
				683BD21B2BFB2CA2000266D5 /* Debug */,
				683BD21C2BFB2CA2000266D5 /* Release */,
			);
			defaultConfigurationIsVisible = 0;
			defaultConfigurationName = Release;
		};
		683BD21D2BFB2CA2000266D5 /* Build configuration list for PBXNativeTarget "RutiUITests" */ = {
			isa = XCConfigurationList;
			buildConfigurations = (
				683BD21E2BFB2CA2000266D5 /* Debug */,
				683BD21F2BFB2CA2000266D5 /* Release */,
			);
			defaultConfigurationIsVisible = 0;
			defaultConfigurationName = Release;
		};
/* End XCConfigurationList section */

/* Begin XCRemoteSwiftPackageReference section */
		687009CD2C00616700EF5C33 /* XCRemoteSwiftPackageReference "FSCalendar" */ = {
			isa = XCRemoteSwiftPackageReference;
			repositoryURL = "https://github.com/WenchaoD/FSCalendar.git";
			requirement = {
				kind = upToNextMajorVersion;
				minimumVersion = 2.8.4;
			};
		};
		687009DD2C007A5200EF5C33 /* XCRemoteSwiftPackageReference "SnapKit" */ = {
			isa = XCRemoteSwiftPackageReference;
			repositoryURL = "https://github.com/SnapKit/SnapKit.git";
			requirement = {
				kind = upToNextMajorVersion;
				minimumVersion = 5.7.1;
			};
		};
		689721E42BFCE95B00BF88EA /* XCRemoteSwiftPackageReference "kakao-ios-sdk" */ = {
			isa = XCRemoteSwiftPackageReference;
			repositoryURL = "https://github.com/kakao/kakao-ios-sdk";
			requirement = {
				kind = upToNextMajorVersion;
				minimumVersion = 2.22.2;
			};
		};
/* End XCRemoteSwiftPackageReference section */

/* Begin XCSwiftPackageProductDependency section */
		687009CE2C00619300EF5C33 /* FSCalendar */ = {
			isa = XCSwiftPackageProductDependency;
			package = 687009CD2C00616700EF5C33 /* XCRemoteSwiftPackageReference "FSCalendar" */;
			productName = FSCalendar;
		};
		687009D22C00675400EF5C33 /* FSPagerView */ = {
			isa = XCSwiftPackageProductDependency;
			productName = FSPagerView;
		};
		687009DE2C007A8F00EF5C33 /* SnapKit */ = {
			isa = XCSwiftPackageProductDependency;
			package = 687009DD2C007A5200EF5C33 /* XCRemoteSwiftPackageReference "SnapKit" */;
			productName = SnapKit;
		};
		689721E62BFCED8F00BF88EA /* KakaoSDKAuth */ = {
			isa = XCSwiftPackageProductDependency;
			package = 689721E42BFCE95B00BF88EA /* XCRemoteSwiftPackageReference "kakao-ios-sdk" */;
			productName = KakaoSDKAuth;
		};
		689721E82BFCED8F00BF88EA /* KakaoSDKCommon */ = {
			isa = XCSwiftPackageProductDependency;
			package = 689721E42BFCE95B00BF88EA /* XCRemoteSwiftPackageReference "kakao-ios-sdk" */;
			productName = KakaoSDKCommon;
		};
		689721EA2BFCED8F00BF88EA /* KakaoSDKUser */ = {
			isa = XCSwiftPackageProductDependency;
			package = 689721E42BFCE95B00BF88EA /* XCRemoteSwiftPackageReference "kakao-ios-sdk" */;
			productName = KakaoSDKUser;
		};
/* End XCSwiftPackageProductDependency section */
	};
	rootObject = 683BD1E52BFB2C9E000266D5 /* Project object */;
}
